
Microsoft Visual Studio Solution File, Format Version 12.00
# Visual Studio 15
VisualStudioVersion = 15.0.26430.6
MinimumVisualStudioVersion = 10.0.40219.1
Project("{2150E333-8FDC-42A3-9474-1A3956D46DE8}") = "src", "src", "{93801F9E-CF9F-46F1-91CF-FD19959248D2}"
EndProject
Project("{2150E333-8FDC-42A3-9474-1A3956D46DE8}") = "Solution Items", "Solution Items", "{61EF1CAF-A74A-473C-A2EB-B9840196B391}"
EndProject
Project("{9A19103F-16F7-4668-BE54-9A1E7A4F7556}") = "Alto.Web", "src\Alto.Web\Alto.Web.csproj", "{38F48955-17CD-4F1E-9A3A-0BEE9CF9689F}"
EndProject
Project("{9A19103F-16F7-4668-BE54-9A1E7A4F7556}") = "Alto.Dal", "src\Alto.Dal\Alto.Dal.csproj", "{3896917E-BD88-4A58-82E1-85650B8E207E}"
EndProject
Project("{9A19103F-16F7-4668-BE54-9A1E7A4F7556}") = "Alto.Logic", "src\Alto.Logic\Alto.Logic.csproj", "{40117A85-B5FA-4AEB-B0A2-12F3575928F4}"
EndProject
Project("{9A19103F-16F7-4668-BE54-9A1E7A4F7556}") = "Alto.Domain", "src\Alto.Domain\Alto.Domain.csproj", "{05550D91-D94E-4153-9788-3A9F58FA9CF5}"
EndProject
Project("{9A19103F-16F7-4668-BE54-9A1E7A4F7556}") = "Alto.Models", "src\Alto.Models\Alto.Models.csproj", "{CD69B59B-668F-4BFF-81A2-29EC345BDA09}"
EndProject
Project("{9A19103F-16F7-4668-BE54-9A1E7A4F7556}") = "Alto.Enums", "src\Alto.Enums\Alto.Enums.csproj", "{B9F639EE-9500-48CE-B698-673AF0953C0E}"
EndProject
Global
	GlobalSection(SolutionConfigurationPlatforms) = preSolution
		Debug|Any CPU = Debug|Any CPU
		Debug|x64 = Debug|x64
		Release|Any CPU = Release|Any CPU
		Release|x64 = Release|x64
	EndGlobalSection
	GlobalSection(ProjectConfigurationPlatforms) = postSolution
		{38F48955-17CD-4F1E-9A3A-0BEE9CF9689F}.Debug|Any CPU.ActiveCfg = Debug|Any CPU
		{38F48955-17CD-4F1E-9A3A-0BEE9CF9689F}.Debug|Any CPU.Build.0 = Debug|Any CPU
		{38F48955-17CD-4F1E-9A3A-0BEE9CF9689F}.Debug|x64.ActiveCfg = Debug|Any CPU
		{38F48955-17CD-4F1E-9A3A-0BEE9CF9689F}.Debug|x64.Build.0 = Debug|Any CPU
		{38F48955-17CD-4F1E-9A3A-0BEE9CF9689F}.Release|Any CPU.ActiveCfg = Release|Any CPU
		{38F48955-17CD-4F1E-9A3A-0BEE9CF9689F}.Release|Any CPU.Build.0 = Release|Any CPU
		{38F48955-17CD-4F1E-9A3A-0BEE9CF9689F}.Release|x64.ActiveCfg = Release|Any CPU
		{38F48955-17CD-4F1E-9A3A-0BEE9CF9689F}.Release|x64.Build.0 = Release|Any CPU
		{3896917E-BD88-4A58-82E1-85650B8E207E}.Debug|Any CPU.ActiveCfg = Debug|Any CPU
		{3896917E-BD88-4A58-82E1-85650B8E207E}.Debug|Any CPU.Build.0 = Debug|Any CPU
		{3896917E-BD88-4A58-82E1-85650B8E207E}.Debug|x64.ActiveCfg = Debug|Any CPU
		{3896917E-BD88-4A58-82E1-85650B8E207E}.Debug|x64.Build.0 = Debug|Any CPU
		{3896917E-BD88-4A58-82E1-85650B8E207E}.Release|Any CPU.ActiveCfg = Release|Any CPU
		{3896917E-BD88-4A58-82E1-85650B8E207E}.Release|Any CPU.Build.0 = Release|Any CPU
		{3896917E-BD88-4A58-82E1-85650B8E207E}.Release|x64.ActiveCfg = Release|Any CPU
		{3896917E-BD88-4A58-82E1-85650B8E207E}.Release|x64.Build.0 = Release|Any CPU
		{40117A85-B5FA-4AEB-B0A2-12F3575928F4}.Debug|Any CPU.ActiveCfg = Debug|Any CPU
		{40117A85-B5FA-4AEB-B0A2-12F3575928F4}.Debug|Any CPU.Build.0 = Debug|Any CPU
		{40117A85-B5FA-4AEB-B0A2-12F3575928F4}.Debug|x64.ActiveCfg = Debug|Any CPU
		{40117A85-B5FA-4AEB-B0A2-12F3575928F4}.Debug|x64.Build.0 = Debug|Any CPU
		{40117A85-B5FA-4AEB-B0A2-12F3575928F4}.Release|Any CPU.ActiveCfg = Release|Any CPU
		{40117A85-B5FA-4AEB-B0A2-12F3575928F4}.Release|Any CPU.Build.0 = Release|Any CPU
		{40117A85-B5FA-4AEB-B0A2-12F3575928F4}.Release|x64.ActiveCfg = Release|Any CPU
		{40117A85-B5FA-4AEB-B0A2-12F3575928F4}.Release|x64.Build.0 = Release|Any CPU
		{05550D91-D94E-4153-9788-3A9F58FA9CF5}.Debug|Any CPU.ActiveCfg = Debug|Any CPU
		{05550D91-D94E-4153-9788-3A9F58FA9CF5}.Debug|Any CPU.Build.0 = Debug|Any CPU
		{05550D91-D94E-4153-9788-3A9F58FA9CF5}.Debug|x64.ActiveCfg = Debug|Any CPU
		{05550D91-D94E-4153-9788-3A9F58FA9CF5}.Debug|x64.Build.0 = Debug|Any CPU
		{05550D91-D94E-4153-9788-3A9F58FA9CF5}.Release|Any CPU.ActiveCfg = Release|Any CPU
		{05550D91-D94E-4153-9788-3A9F58FA9CF5}.Release|Any CPU.Build.0 = Release|Any CPU
		{05550D91-D94E-4153-9788-3A9F58FA9CF5}.Release|x64.ActiveCfg = Release|Any CPU
		{05550D91-D94E-4153-9788-3A9F58FA9CF5}.Release|x64.Build.0 = Release|Any CPU
		{CD69B59B-668F-4BFF-81A2-29EC345BDA09}.Debug|Any CPU.ActiveCfg = Debug|Any CPU
		{CD69B59B-668F-4BFF-81A2-29EC345BDA09}.Debug|Any CPU.Build.0 = Debug|Any CPU
		{CD69B59B-668F-4BFF-81A2-29EC345BDA09}.Debug|x64.ActiveCfg = Debug|Any CPU
		{CD69B59B-668F-4BFF-81A2-29EC345BDA09}.Debug|x64.Build.0 = Debug|Any CPU
		{CD69B59B-668F-4BFF-81A2-29EC345BDA09}.Release|Any CPU.ActiveCfg = Release|Any CPU
		{CD69B59B-668F-4BFF-81A2-29EC345BDA09}.Release|Any CPU.Build.0 = Release|Any CPU
		{CD69B59B-668F-4BFF-81A2-29EC345BDA09}.Release|x64.ActiveCfg = Release|Any CPU
		{CD69B59B-668F-4BFF-81A2-29EC345BDA09}.Release|x64.Build.0 = Release|Any CPU
		{B9F639EE-9500-48CE-B698-673AF0953C0E}.Debug|Any CPU.ActiveCfg = Debug|Any CPU
		{B9F639EE-9500-48CE-B698-673AF0953C0E}.Debug|Any CPU.Build.0 = Debug|Any CPU
		{B9F639EE-9500-48CE-B698-673AF0953C0E}.Debug|x64.ActiveCfg = Debug|Any CPU
		{B9F639EE-9500-48CE-B698-673AF0953C0E}.Debug|x64.Build.0 = Debug|Any CPU
		{B9F639EE-9500-48CE-B698-673AF0953C0E}.Release|Any CPU.ActiveCfg = Release|Any CPU
		{B9F639EE-9500-48CE-B698-673AF0953C0E}.Release|Any CPU.Build.0 = Release|Any CPU
		{B9F639EE-9500-48CE-B698-673AF0953C0E}.Release|x64.ActiveCfg = Release|Any CPU
		{B9F639EE-9500-48CE-B698-673AF0953C0E}.Release|x64.Build.0 = Release|Any CPU
	EndGlobalSection
	GlobalSection(SolutionProperties) = preSolution
		HideSolutionNode = FALSE
	EndGlobalSection
	GlobalSection(NestedProjects) = preSolution
		{38F48955-17CD-4F1E-9A3A-0BEE9CF9689F} = {93801F9E-CF9F-46F1-91CF-FD19959248D2}
		{3896917E-BD88-4A58-82E1-85650B8E207E} = {93801F9E-CF9F-46F1-91CF-FD19959248D2}
		{40117A85-B5FA-4AEB-B0A2-12F3575928F4} = {93801F9E-CF9F-46F1-91CF-FD19959248D2}
		{05550D91-D94E-4153-9788-3A9F58FA9CF5} = {93801F9E-CF9F-46F1-91CF-FD19959248D2}
		{CD69B59B-668F-4BFF-81A2-29EC345BDA09} = {93801F9E-CF9F-46F1-91CF-FD19959248D2}
		{B9F639EE-9500-48CE-B698-673AF0953C0E} = {93801F9E-CF9F-46F1-91CF-FD19959248D2}
	EndGlobalSection
EndGlobal
